// !$*UTF8*$!
{
	archiveVersion = 1;
	classes = {
	};
	objectVersion = 50;
	objects = {

/* Begin PBXBuildFile section */
		F8CD62CE23075C8800326B08 /* AppDelegate.swift in Sources */ = {isa = PBXBuildFile; fileRef = F8CD62CD23075C8800326B08 /* AppDelegate.swift */; };
		F8CD62D023075C8800326B08 /* LaunchTableViewController.swift in Sources */ = {isa = PBXBuildFile; fileRef = F8CD62CF23075C8800326B08 /* LaunchTableViewController.swift */; };
		F8CD62D523075C8B00326B08 /* Assets.xcassets in Resources */ = {isa = PBXBuildFile; fileRef = F8CD62D423075C8B00326B08 /* Assets.xcassets */; };
		F8CD62D823075C8B00326B08 /* LaunchScreen.storyboard in Resources */ = {isa = PBXBuildFile; fileRef = F8CD62D623075C8B00326B08 /* LaunchScreen.storyboard */; };
		F8CD62E323075C8B00326B08 /* SpaceXTests.swift in Sources */ = {isa = PBXBuildFile; fileRef = F8CD62E223075C8B00326B08 /* SpaceXTests.swift */; };
		F8CD62F4230760BB00326B08 /* LaunchListViewModel.swift in Sources */ = {isa = PBXBuildFile; fileRef = F8CD62F3230760BB00326B08 /* LaunchListViewModel.swift */; };
		F8CD62F7230764F000326B08 /* Utilities.swift in Sources */ = {isa = PBXBuildFile; fileRef = F8CD62F6230764F000326B08 /* Utilities.swift */; };
		F8CD62FA2307656A00326B08 /* LaunchManager.swift in Sources */ = {isa = PBXBuildFile; fileRef = F8CD62F92307656A00326B08 /* LaunchManager.swift */; };
		F8CD62FD230765B400326B08 /* Environment.swift in Sources */ = {isa = PBXBuildFile; fileRef = F8CD62FC230765B400326B08 /* Environment.swift */; };
		F8CD62FF2307679C00326B08 /* Launch.swift in Sources */ = {isa = PBXBuildFile; fileRef = F8CD62FE2307679C00326B08 /* Launch.swift */; };
		F8CD63012307AED300326B08 /* Rocket.swift in Sources */ = {isa = PBXBuildFile; fileRef = F8CD63002307AED300326B08 /* Rocket.swift */; };
		F8CD63042307B8E800326B08 /* LaunchHeader.swift in Sources */ = {isa = PBXBuildFile; fileRef = F8CD63032307B8E800326B08 /* LaunchHeader.swift */; };
		F8CD63072308478800326B08 /* LaunchTableViewCell.swift in Sources */ = {isa = PBXBuildFile; fileRef = F8CD63062308478800326B08 /* LaunchTableViewCell.swift */; };
/* End PBXBuildFile section */

/* Begin PBXContainerItemProxy section */
		F8CD62DF23075C8B00326B08 /* PBXContainerItemProxy */ = {
			isa = PBXContainerItemProxy;
			containerPortal = F8CD62C223075C8800326B08 /* Project object */;
			proxyType = 1;
			remoteGlobalIDString = F8CD62C923075C8800326B08;
			remoteInfo = SpaceX;
		};
/* End PBXContainerItemProxy section */

/* Begin PBXFileReference section */
		F8CD62CA23075C8800326B08 /* SpaceX.app */ = {isa = PBXFileReference; explicitFileType = wrapper.application; includeInIndex = 0; path = SpaceX.app; sourceTree = BUILT_PRODUCTS_DIR; };
		F8CD62CD23075C8800326B08 /* AppDelegate.swift */ = {isa = PBXFileReference; lastKnownFileType = sourcecode.swift; path = AppDelegate.swift; sourceTree = "<group>"; };
		F8CD62CF23075C8800326B08 /* LaunchTableViewController.swift */ = {isa = PBXFileReference; lastKnownFileType = sourcecode.swift; path = LaunchTableViewController.swift; sourceTree = "<group>"; };
		F8CD62D423075C8B00326B08 /* Assets.xcassets */ = {isa = PBXFileReference; lastKnownFileType = folder.assetcatalog; path = Assets.xcassets; sourceTree = "<group>"; };
		F8CD62D723075C8B00326B08 /* Base */ = {isa = PBXFileReference; lastKnownFileType = file.storyboard; name = Base; path = Base.lproj/LaunchScreen.storyboard; sourceTree = "<group>"; };
		F8CD62D923075C8B00326B08 /* Info.plist */ = {isa = PBXFileReference; lastKnownFileType = text.plist.xml; path = Info.plist; sourceTree = "<group>"; };
		F8CD62DE23075C8B00326B08 /* SpaceXTests.xctest */ = {isa = PBXFileReference; explicitFileType = wrapper.cfbundle; includeInIndex = 0; path = SpaceXTests.xctest; sourceTree = BUILT_PRODUCTS_DIR; };
		F8CD62E223075C8B00326B08 /* SpaceXTests.swift */ = {isa = PBXFileReference; lastKnownFileType = sourcecode.swift; path = SpaceXTests.swift; sourceTree = "<group>"; };
		F8CD62E423075C8B00326B08 /* Info.plist */ = {isa = PBXFileReference; lastKnownFileType = text.plist.xml; path = Info.plist; sourceTree = "<group>"; };
		F8CD62F3230760BB00326B08 /* LaunchListViewModel.swift */ = {isa = PBXFileReference; lastKnownFileType = sourcecode.swift; path = LaunchListViewModel.swift; sourceTree = "<group>"; };
		F8CD62F6230764F000326B08 /* Utilities.swift */ = {isa = PBXFileReference; lastKnownFileType = sourcecode.swift; path = Utilities.swift; sourceTree = "<group>"; };
		F8CD62F92307656A00326B08 /* LaunchManager.swift */ = {isa = PBXFileReference; lastKnownFileType = sourcecode.swift; path = LaunchManager.swift; sourceTree = "<group>"; };
		F8CD62FC230765B400326B08 /* Environment.swift */ = {isa = PBXFileReference; lastKnownFileType = sourcecode.swift; path = Environment.swift; sourceTree = "<group>"; };
		F8CD62FE2307679C00326B08 /* Launch.swift */ = {isa = PBXFileReference; lastKnownFileType = sourcecode.swift; path = Launch.swift; sourceTree = "<group>"; };
		F8CD63002307AED300326B08 /* Rocket.swift */ = {isa = PBXFileReference; lastKnownFileType = sourcecode.swift; path = Rocket.swift; sourceTree = "<group>"; };
		F8CD63032307B8E800326B08 /* LaunchHeader.swift */ = {isa = PBXFileReference; lastKnownFileType = sourcecode.swift; path = LaunchHeader.swift; sourceTree = "<group>"; };
		F8CD63062308478800326B08 /* LaunchTableViewCell.swift */ = {isa = PBXFileReference; lastKnownFileType = sourcecode.swift; path = LaunchTableViewCell.swift; sourceTree = "<group>"; };
/* End PBXFileReference section */

/* Begin PBXFrameworksBuildPhase section */
		F8CD62C723075C8800326B08 /* Frameworks */ = {
			isa = PBXFrameworksBuildPhase;
			buildActionMask = 2147483647;
			files = (
			);
			runOnlyForDeploymentPostprocessing = 0;
		};
		F8CD62DB23075C8B00326B08 /* Frameworks */ = {
			isa = PBXFrameworksBuildPhase;
			buildActionMask = 2147483647;
			files = (
			);
			runOnlyForDeploymentPostprocessing = 0;
		};
/* End PBXFrameworksBuildPhase section */

/* Begin PBXGroup section */
		F8CD62C123075C8800326B08 = {
			isa = PBXGroup;
			children = (
				F8CD62CC23075C8800326B08 /* SpaceX */,
				F8CD62E123075C8B00326B08 /* SpaceXTests */,
				F8CD62CB23075C8800326B08 /* Products */,
			);
			sourceTree = "<group>";
		};
		F8CD62CB23075C8800326B08 /* Products */ = {
			isa = PBXGroup;
			children = (
				F8CD62CA23075C8800326B08 /* SpaceX.app */,
				F8CD62DE23075C8B00326B08 /* SpaceXTests.xctest */,
			);
			name = Products;
			sourceTree = "<group>";
		};
		F8CD62CC23075C8800326B08 /* SpaceX */ = {
			isa = PBXGroup;
			children = (
				F8CD62F023075F4800326B08 /* Resources */,
				F8CD62EF23075F3F00326B08 /* Shared */,
				F8CD62EE23075F3400326B08 /* Models */,
				F8CD62ED23075F1C00326B08 /* ViewControllers */,
				F8CD62D423075C8B00326B08 /* Assets.xcassets */,
				F8CD62D623075C8B00326B08 /* LaunchScreen.storyboard */,
				F8CD62D923075C8B00326B08 /* Info.plist */,
			);
			path = SpaceX;
			sourceTree = "<group>";
		};
		F8CD62E123075C8B00326B08 /* SpaceXTests */ = {
			isa = PBXGroup;
			children = (
				F8CD62E223075C8B00326B08 /* SpaceXTests.swift */,
				F8CD62E423075C8B00326B08 /* Info.plist */,
			);
			path = SpaceXTests;
			sourceTree = "<group>";
		};
		F8CD62ED23075F1C00326B08 /* ViewControllers */ = {
			isa = PBXGroup;
			children = (
				F8CD62F12307609000326B08 /* LaunchViewControllers */,
			);
			path = ViewControllers;
			sourceTree = "<group>";
		};
		F8CD62EE23075F3400326B08 /* Models */ = {
			isa = PBXGroup;
			children = (
				F8CD62FE2307679C00326B08 /* Launch.swift */,
				F8CD63002307AED300326B08 /* Rocket.swift */,
			);
			path = Models;
			sourceTree = "<group>";
		};
		F8CD62EF23075F3F00326B08 /* Shared */ = {
			isa = PBXGroup;
			children = (
				F8CD62FB2307658A00326B08 /* Constants */,
				F8CD62F82307655C00326B08 /* Managers */,
				F8CD62F5230764D400326B08 /* Helpers */,
			);
			path = Shared;
			sourceTree = "<group>";
		};
		F8CD62F023075F4800326B08 /* Resources */ = {
			isa = PBXGroup;
			children = (
				F8CD62CD23075C8800326B08 /* AppDelegate.swift */,
			);
			path = Resources;
			sourceTree = "<group>";
		};
		F8CD62F12307609000326B08 /* LaunchViewControllers */ = {
			isa = PBXGroup;
			children = (
				F8CD63022307B8D600326B08 /* Views */,
				F8CD62F22307609A00326B08 /* ViewModels */,
				F8CD62CF23075C8800326B08 /* LaunchTableViewController.swift */,
			);
			path = LaunchViewControllers;
			sourceTree = "<group>";
		};
		F8CD62F22307609A00326B08 /* ViewModels */ = {
			isa = PBXGroup;
			children = (
				F8CD62F3230760BB00326B08 /* LaunchListViewModel.swift */,
			);
			path = ViewModels;
			sourceTree = "<group>";
		};
		F8CD62F5230764D400326B08 /* Helpers */ = {
			isa = PBXGroup;
			children = (
				F8CD62F6230764F000326B08 /* Utilities.swift */,
			);
			path = Helpers;
			sourceTree = "<group>";
		};
		F8CD62F82307655C00326B08 /* Managers */ = {
			isa = PBXGroup;
			children = (
				F8CD62F92307656A00326B08 /* LaunchManager.swift */,
			);
			path = Managers;
			sourceTree = "<group>";
		};
		F8CD62FB2307658A00326B08 /* Constants */ = {
			isa = PBXGroup;
			children = (
				F8CD62FC230765B400326B08 /* Environment.swift */,
			);
			path = Constants;
			sourceTree = "<group>";
		};
		F8CD63022307B8D600326B08 /* Views */ = {
			isa = PBXGroup;
			children = (
				F8CD63052308475B00326B08 /* TableCells */,
				F8CD63032307B8E800326B08 /* LaunchHeader.swift */,
			);
			name = Views;
			path = ../..;
			sourceTree = "<group>";
		};
		F8CD63052308475B00326B08 /* TableCells */ = {
			isa = PBXGroup;
			children = (
				F8CD63062308478800326B08 /* LaunchTableViewCell.swift */,
			);
			path = TableCells;
			sourceTree = "<group>";
		};
/* End PBXGroup section */

/* Begin PBXNativeTarget section */
		F8CD62C923075C8800326B08 /* SpaceX */ = {
			isa = PBXNativeTarget;
			buildConfigurationList = F8CD62E723075C8B00326B08 /* Build configuration list for PBXNativeTarget "SpaceX" */;
			buildPhases = (
				F8CD62C623075C8800326B08 /* Sources */,
				F8CD62C723075C8800326B08 /* Frameworks */,
				F8CD62C823075C8800326B08 /* Resources */,
			);
			buildRules = (
			);
			dependencies = (
			);
			name = SpaceX;
			productName = SpaceX;
			productReference = F8CD62CA23075C8800326B08 /* SpaceX.app */;
			productType = "com.apple.product-type.application";
		};
		F8CD62DD23075C8B00326B08 /* SpaceXTests */ = {
			isa = PBXNativeTarget;
			buildConfigurationList = F8CD62EA23075C8B00326B08 /* Build configuration list for PBXNativeTarget "SpaceXTests" */;
			buildPhases = (
				F8CD62DA23075C8B00326B08 /* Sources */,
				F8CD62DB23075C8B00326B08 /* Frameworks */,
				F8CD62DC23075C8B00326B08 /* Resources */,
			);
			buildRules = (
			);
			dependencies = (
				F8CD62E023075C8B00326B08 /* PBXTargetDependency */,
			);
			name = SpaceXTests;
			productName = SpaceXTests;
			productReference = F8CD62DE23075C8B00326B08 /* SpaceXTests.xctest */;
			productType = "com.apple.product-type.bundle.unit-test";
		};
/* End PBXNativeTarget section */

/* Begin PBXProject section */
		F8CD62C223075C8800326B08 /* Project object */ = {
			isa = PBXProject;
			attributes = {
				LastSwiftUpdateCheck = 1020;
				LastUpgradeCheck = 1020;
				ORGANIZATIONNAME = thatSwiftGuy;
				TargetAttributes = {
					F8CD62C923075C8800326B08 = {
						CreatedOnToolsVersion = 10.2.1;
					};
					F8CD62DD23075C8B00326B08 = {
						CreatedOnToolsVersion = 10.2.1;
						TestTargetID = F8CD62C923075C8800326B08;
					};
				};
			};
			buildConfigurationList = F8CD62C523075C8800326B08 /* Build configuration list for PBXProject "SpaceX" */;
			compatibilityVersion = "Xcode 9.3";
			developmentRegion = en;
			hasScannedForEncodings = 0;
			knownRegions = (
				en,
				Base,
			);
			mainGroup = F8CD62C123075C8800326B08;
			productRefGroup = F8CD62CB23075C8800326B08 /* Products */;
			projectDirPath = "";
			projectRoot = "";
			targets = (
				F8CD62C923075C8800326B08 /* SpaceX */,
				F8CD62DD23075C8B00326B08 /* SpaceXTests */,
			);
		};
/* End PBXProject section */

/* Begin PBXResourcesBuildPhase section */
		F8CD62C823075C8800326B08 /* Resources */ = {
			isa = PBXResourcesBuildPhase;
			buildActionMask = 2147483647;
			files = (
				F8CD62D823075C8B00326B08 /* LaunchScreen.storyboard in Resources */,
				F8CD62D523075C8B00326B08 /* Assets.xcassets in Resources */,
			);
			runOnlyForDeploymentPostprocessing = 0;
		};
		F8CD62DC23075C8B00326B08 /* Resources */ = {
			isa = PBXResourcesBuildPhase;
			buildActionMask = 2147483647;
			files = (
			);
			runOnlyForDeploymentPostprocessing = 0;
		};
/* End PBXResourcesBuildPhase section */

/* Begin PBXSourcesBuildPhase section */
		F8CD62C623075C8800326B08 /* Sources */ = {
			isa = PBXSourcesBuildPhase;
			buildActionMask = 2147483647;
			files = (
				F8CD62F4230760BB00326B08 /* LaunchListViewModel.swift in Sources */,
				F8CD62FD230765B400326B08 /* Environment.swift in Sources */,
				F8CD63042307B8E800326B08 /* LaunchHeader.swift in Sources */,
				F8CD62FA2307656A00326B08 /* LaunchManager.swift in Sources */,
				F8CD62D023075C8800326B08 /* LaunchTableViewController.swift in Sources */,
				F8CD62FF2307679C00326B08 /* Launch.swift in Sources */,
				F8CD63072308478800326B08 /* LaunchTableViewCell.swift in Sources */,
				F8CD62F7230764F000326B08 /* Utilities.swift in Sources */,
				F8CD62CE23075C8800326B08 /* AppDelegate.swift in Sources */,
				F8CD63012307AED300326B08 /* Rocket.swift in Sources */,
			);
			runOnlyForDeploymentPostprocessing = 0;
		};
		F8CD62DA23075C8B00326B08 /* Sources */ = {
			isa = PBXSourcesBuildPhase;
			buildActionMask = 2147483647;
			files = (
				F8CD62E323075C8B00326B08 /* SpaceXTests.swift in Sources */,
			);
			runOnlyForDeploymentPostprocessing = 0;
		};
/* End PBXSourcesBuildPhase section */

/* Begin PBXTargetDependency section */
		F8CD62E023075C8B00326B08 /* PBXTargetDependency */ = {
			isa = PBXTargetDependency;
			target = F8CD62C923075C8800326B08 /* SpaceX */;
			targetProxy = F8CD62DF23075C8B00326B08 /* PBXContainerItemProxy */;
		};
/* End PBXTargetDependency section */

/* Begin PBXVariantGroup section */
		F8CD62D623075C8B00326B08 /* LaunchScreen.storyboard */ = {
			isa = PBXVariantGroup;
			children = (
				F8CD62D723075C8B00326B08 /* Base */,
			);
			name = LaunchScreen.storyboard;
			sourceTree = "<group>";
		};
/* End PBXVariantGroup section */

/* Begin XCBuildConfiguration section */
		F8CD62E523075C8B00326B08 /* Debug */ = {
			isa = XCBuildConfiguration;
			buildSettings = {
				ALWAYS_SEARCH_USER_PATHS = NO;
				CLANG_ANALYZER_NONNULL = YES;
				CLANG_ANALYZER_NUMBER_OBJECT_CONVERSION = YES_AGGRESSIVE;
				CLANG_CXX_LANGUAGE_STANDARD = "gnu++14";
				CLANG_CXX_LIBRARY = "libc++";
				CLANG_ENABLE_MODULES = YES;
				CLANG_ENABLE_OBJC_ARC = YES;
				CLANG_ENABLE_OBJC_WEAK = YES;
				CLANG_WARN_BLOCK_CAPTURE_AUTORELEASING = YES;
				CLANG_WARN_BOOL_CONVERSION = YES;
				CLANG_WARN_COMMA = YES;
				CLANG_WARN_CONSTANT_CONVERSION = YES;
				CLANG_WARN_DEPRECATED_OBJC_IMPLEMENTATIONS = YES;
				CLANG_WARN_DIRECT_OBJC_ISA_USAGE = YES_ERROR;
				CLANG_WARN_DOCUMENTATION_COMMENTS = YES;
				CLANG_WARN_EMPTY_BODY = YES;
				CLANG_WARN_ENUM_CONVERSION = YES;
				CLANG_WARN_INFINITE_RECURSION = YES;
				CLANG_WARN_INT_CONVERSION = YES;
				CLANG_WARN_NON_LITERAL_NULL_CONVERSION = YES;
				CLANG_WARN_OBJC_IMPLICIT_RETAIN_SELF = YES;
				CLANG_WARN_OBJC_LITERAL_CONVERSION = YES;
				CLANG_WARN_OBJC_ROOT_CLASS = YES_ERROR;
				CLANG_WARN_RANGE_LOOP_ANALYSIS = YES;
				CLANG_WARN_STRICT_PROTOTYPES = YES;
				CLANG_WARN_SUSPICIOUS_MOVE = YES;
				CLANG_WARN_UNGUARDED_AVAILABILITY = YES_AGGRESSIVE;
				CLANG_WARN_UNREACHABLE_CODE = YES;
				CLANG_WARN__DUPLICATE_METHOD_MATCH = YES;
				CODE_SIGN_IDENTITY = "iPhone Developer";
				COPY_PHASE_STRIP = NO;
				DEBUG_INFORMATION_FORMAT = dwarf;
				ENABLE_STRICT_OBJC_MSGSEND = YES;
				ENABLE_TESTABILITY = YES;
				GCC_C_LANGUAGE_STANDARD = gnu11;
				GCC_DYNAMIC_NO_PIC = NO;
				GCC_NO_COMMON_BLOCKS = YES;
				GCC_OPTIMIZATION_LEVEL = 0;
				GCC_PREPROCESSOR_DEFINITIONS = (
					"DEBUG=1",
					"$(inherited)",
				);
				GCC_WARN_64_TO_32_BIT_CONVERSION = YES;
				GCC_WARN_ABOUT_RETURN_TYPE = YES_ERROR;
				GCC_WARN_UNDECLARED_SELECTOR = YES;
				GCC_WARN_UNINITIALIZED_AUTOS = YES_AGGRESSIVE;
				GCC_WARN_UNUSED_FUNCTION = YES;
				GCC_WARN_UNUSED_VARIABLE = YES;
				IPHONEOS_DEPLOYMENT_TARGET = 12.2;
				MTL_ENABLE_DEBUG_INFO = INCLUDE_SOURCE;
				MTL_FAST_MATH = YES;
				ONLY_ACTIVE_ARCH = YES;
				SDKROOT = iphoneos;
				SWIFT_ACTIVE_COMPILATION_CONDITIONS = DEBUG;
				SWIFT_OPTIMIZATION_LEVEL = "-Onone";
			};
			name = Debug;
		};
		F8CD62E623075C8B00326B08 /* Release */ = {
			isa = XCBuildConfiguration;
			buildSettings = {
				ALWAYS_SEARCH_USER_PATHS = NO;
				CLANG_ANALYZER_NONNULL = YES;
				CLANG_ANALYZER_NUMBER_OBJECT_CONVERSION = YES_AGGRESSIVE;
				CLANG_CXX_LANGUAGE_STANDARD = "gnu++14";
				CLANG_CXX_LIBRARY = "libc++";
				CLANG_ENABLE_MODULES = YES;
				CLANG_ENABLE_OBJC_ARC = YES;
				CLANG_ENABLE_OBJC_WEAK = YES;
				CLANG_WARN_BLOCK_CAPTURE_AUTORELEASING = YES;
				CLANG_WARN_BOOL_CONVERSION = YES;
				CLANG_WARN_COMMA = YES;
				CLANG_WARN_CONSTANT_CONVERSION = YES;
				CLANG_WARN_DEPRECATED_OBJC_IMPLEMENTATIONS = YES;
				CLANG_WARN_DIRECT_OBJC_ISA_USAGE = YES_ERROR;
				CLANG_WARN_DOCUMENTATION_COMMENTS = YES;
				CLANG_WARN_EMPTY_BODY = YES;
				CLANG_WARN_ENUM_CONVERSION = YES;
				CLANG_WARN_INFINITE_RECURSION = YES;
				CLANG_WARN_INT_CONVERSION = YES;
				CLANG_WARN_NON_LITERAL_NULL_CONVERSION = YES;
				CLANG_WARN_OBJC_IMPLICIT_RETAIN_SELF = YES;
				CLANG_WARN_OBJC_LITERAL_CONVERSION = YES;
				CLANG_WARN_OBJC_ROOT_CLASS = YES_ERROR;
				CLANG_WARN_RANGE_LOOP_ANALYSIS = YES;
				CLANG_WARN_STRICT_PROTOTYPES = YES;
				CLANG_WARN_SUSPICIOUS_MOVE = YES;
				CLANG_WARN_UNGUARDED_AVAILABILITY = YES_AGGRESSIVE;
				CLANG_WARN_UNREACHABLE_CODE = YES;
				CLANG_WARN__DUPLICATE_METHOD_MATCH = YES;
				CODE_SIGN_IDENTITY = "iPhone Developer";
				COPY_PHASE_STRIP = NO;
				DEBUG_INFORMATION_FORMAT = "dwarf-with-dsym";
				ENABLE_NS_ASSERTIONS = NO;
				ENABLE_STRICT_OBJC_MSGSEND = YES;
				GCC_C_LANGUAGE_STANDARD = gnu11;
				GCC_NO_COMMON_BLOCKS = YES;
				GCC_WARN_64_TO_32_BIT_CONVERSION = YES;
				GCC_WARN_ABOUT_RETURN_TYPE = YES_ERROR;
				GCC_WARN_UNDECLARED_SELECTOR = YES;
				GCC_WARN_UNINITIALIZED_AUTOS = YES_AGGRESSIVE;
				GCC_WARN_UNUSED_FUNCTION = YES;
				GCC_WARN_UNUSED_VARIABLE = YES;
				IPHONEOS_DEPLOYMENT_TARGET = 12.2;
				MTL_ENABLE_DEBUG_INFO = NO;
				MTL_FAST_MATH = YES;
				SDKROOT = iphoneos;
				SWIFT_COMPILATION_MODE = wholemodule;
				SWIFT_OPTIMIZATION_LEVEL = "-O";
				VALIDATE_PRODUCT = YES;
			};
			name = Release;
		};
		F8CD62E823075C8B00326B08 /* Debug */ = {
			isa = XCBuildConfiguration;
			buildSettings = {
				ASSETCATALOG_COMPILER_APPICON_NAME = AppIcon;
				CODE_SIGN_STYLE = Automatic;
				DEVELOPMENT_TEAM = C57X8273FC;
				INFOPLIST_FILE = SpaceX/Info.plist;
				LD_RUNPATH_SEARCH_PATHS = (
					"$(inherited)",
					"@executable_path/Frameworks",
				);
				PRODUCT_BUNDLE_IDENTIFIER = com.thatSwiftGuy.SpaceX;
				PRODUCT_NAME = "$(TARGET_NAME)";
				SWIFT_VERSION = 5.0;
				TARGETED_DEVICE_FAMILY = "1,2";
			};
			name = Debug;
		};
		F8CD62E923075C8B00326B08 /* Release */ = {
			isa = XCBuildConfiguration;
			buildSettings = {
				ASSETCATALOG_COMPILER_APPICON_NAME = AppIcon;
				CODE_SIGN_STYLE = Automatic;
				DEVELOPMENT_TEAM = C57X8273FC;
				INFOPLIST_FILE = SpaceX/Info.plist;
				LD_RUNPATH_SEARCH_PATHS = (
					"$(inherited)",
					"@executable_path/Frameworks",
				);
				PRODUCT_BUNDLE_IDENTIFIER = com.thatSwiftGuy.SpaceX;
				PRODUCT_NAME = "$(TARGET_NAME)";
				SWIFT_VERSION = 5.0;
				TARGETED_DEVICE_FAMILY = "1,2";
			};
			name = Release;
		};
		F8CD62EB23075C8B00326B08 /* Debug */ = {
			isa = XCBuildConfiguration;
			buildSettings = {
				ALWAYS_EMBED_SWIFT_STANDARD_LIBRARIES = YES;
				BUNDLE_LOADER = "$(TEST_HOST)";
				CODE_SIGN_STYLE = Automatic;
				DEVELOPMENT_TEAM = C57X8273FC;
				INFOPLIST_FILE = SpaceXTests/Info.plist;
				LD_RUNPATH_SEARCH_PATHS = (
					"$(inherited)",
					"@executable_path/Frameworks",
					"@loader_path/Frameworks",
				);
				PRODUCT_BUNDLE_IDENTIFIER = com.thatSwiftGuy.SpaceXTests;
				PRODUCT_NAME = "$(TARGET_NAME)";
				SWIFT_VERSION = 5.0;
				TARGETED_DEVICE_FAMILY = "1,2";
				TEST_HOST = "$(BUILT_PRODUCTS_DIR)/SpaceX.app/SpaceX";
			};
			name = Debug;
		};
		F8CD62EC23075C8B00326B08 /* Release */ = {
			isa = XCBuildConfiguration;
			buildSettings = {
				ALWAYS_EMBED_SWIFT_STANDARD_LIBRARIES = YES;
				BUNDLE_LOADER = "$(TEST_HOST)";
				CODE_SIGN_STYLE = Automatic;
				DEVELOPMENT_TEAM = C57X8273FC;
				INFOPLIST_FILE = SpaceXTests/Info.plist;
				LD_RUNPATH_SEARCH_PATHS = (
					"$(inherited)",
					"@executable_path/Frameworks",
					"@loader_path/Frameworks",
				);
				PRODUCT_BUNDLE_IDENTIFIER = com.thatSwiftGuy.SpaceXTests;
				PRODUCT_NAME = "$(TARGET_NAME)";
				SWIFT_VERSION = 5.0;
				TARGETED_DEVICE_FAMILY = "1,2";
				TEST_HOST = "$(BUILT_PRODUCTS_DIR)/SpaceX.app/SpaceX";
			};
			name = Release;
		};
/* End XCBuildConfiguration section */

/* Begin XCConfigurationList section */
		F8CD62C523075C8800326B08 /* Build configuration list for PBXProject "SpaceX" */ = {
			isa = XCConfigurationList;
			buildConfigurations = (
				F8CD62E523075C8B00326B08 /* Debug */,
				F8CD62E623075C8B00326B08 /* Release */,
			);
			defaultConfigurationIsVisible = 0;
			defaultConfigurationName = Release;
		};
		F8CD62E723075C8B00326B08 /* Build configuration list for PBXNativeTarget "SpaceX" */ = {
			isa = XCConfigurationList;
			buildConfigurations = (
				F8CD62E823075C8B00326B08 /* Debug */,
				F8CD62E923075C8B00326B08 /* Release */,
			);
			defaultConfigurationIsVisible = 0;
			defaultConfigurationName = Release;
		};
		F8CD62EA23075C8B00326B08 /* Build configuration list for PBXNativeTarget "SpaceXTests" */ = {
			isa = XCConfigurationList;
			buildConfigurations = (
				F8CD62EB23075C8B00326B08 /* Debug */,
				F8CD62EC23075C8B00326B08 /* Release */,
			);
			defaultConfigurationIsVisible = 0;
			defaultConfigurationName = Release;
		};
/* End XCConfigurationList section */
	};
	rootObject = F8CD62C223075C8800326B08 /* Project object */;
}
